// !$*UTF8*$!
{
	archiveVersion = 1;
	classes = {
	};
	objectVersion = 50;
	objects = {

/* Begin PBXBuildFile section */
		F52524ED26811712000381C6 /* AppDelegate.swift in Sources */ = {isa = PBXBuildFile; fileRef = F52524EC26811712000381C6 /* AppDelegate.swift */; };
		F52524EF26811712000381C6 /* SceneDelegate.swift in Sources */ = {isa = PBXBuildFile; fileRef = F52524EE26811712000381C6 /* SceneDelegate.swift */; };
		F52524F126811712000381C6 /* ViewController.swift in Sources */ = {isa = PBXBuildFile; fileRef = F52524F026811712000381C6 /* ViewController.swift */; };
		F52524F426811712000381C6 /* Main.storyboard in Resources */ = {isa = PBXBuildFile; fileRef = F52524F226811712000381C6 /* Main.storyboard */; };
		F52524F726811712000381C6 /* MacAppExample.xcdatamodeld in Sources */ = {isa = PBXBuildFile; fileRef = F52524F526811712000381C6 /* MacAppExample.xcdatamodeld */; };
		F52524F926811715000381C6 /* Assets.xcassets in Resources */ = {isa = PBXBuildFile; fileRef = F52524F826811715000381C6 /* Assets.xcassets */; };
		F52524FC26811715000381C6 /* LaunchScreen.storyboard in Resources */ = {isa = PBXBuildFile; fileRef = F52524FA26811715000381C6 /* LaunchScreen.storyboard */; };
		F525250726811715000381C6 /* MacAppExampleTests.swift in Sources */ = {isa = PBXBuildFile; fileRef = F525250626811715000381C6 /* MacAppExampleTests.swift */; };
		F525251226811715000381C6 /* MacAppExampleUITests.swift in Sources */ = {isa = PBXBuildFile; fileRef = F525251126811715000381C6 /* MacAppExampleUITests.swift */; };
/* End PBXBuildFile section */

/* Begin PBXContainerItemProxy section */
		F525250326811715000381C6 /* PBXContainerItemProxy */ = {
			isa = PBXContainerItemProxy;
			containerPortal = F52524E126811712000381C6 /* Project object */;
			proxyType = 1;
			remoteGlobalIDString = F52524E826811712000381C6;
			remoteInfo = MacAppExample;
		};
		F525250E26811715000381C6 /* PBXContainerItemProxy */ = {
			isa = PBXContainerItemProxy;
			containerPortal = F52524E126811712000381C6 /* Project object */;
			proxyType = 1;
			remoteGlobalIDString = F52524E826811712000381C6;
			remoteInfo = MacAppExample;
		};
/* End PBXContainerItemProxy section */

/* Begin PBXFileReference section */
		F52524E926811712000381C6 /* MacAppExample.app */ = {isa = PBXFileReference; explicitFileType = wrapper.application; includeInIndex = 0; path = MacAppExample.app; sourceTree = BUILT_PRODUCTS_DIR; };
		F52524EC26811712000381C6 /* AppDelegate.swift */ = {isa = PBXFileReference; lastKnownFileType = sourcecode.swift; path = AppDelegate.swift; sourceTree = "<group>"; };
		F52524EE26811712000381C6 /* SceneDelegate.swift */ = {isa = PBXFileReference; lastKnownFileType = sourcecode.swift; path = SceneDelegate.swift; sourceTree = "<group>"; };
		F52524F026811712000381C6 /* ViewController.swift */ = {isa = PBXFileReference; lastKnownFileType = sourcecode.swift; path = ViewController.swift; sourceTree = "<group>"; };
		F52524F326811712000381C6 /* Base */ = {isa = PBXFileReference; lastKnownFileType = file.storyboard; name = Base; path = Base.lproj/Main.storyboard; sourceTree = "<group>"; };
		F52524F626811712000381C6 /* MacAppExample.xcdatamodel */ = {isa = PBXFileReference; lastKnownFileType = wrapper.xcdatamodel; path = MacAppExample.xcdatamodel; sourceTree = "<group>"; };
		F52524F826811715000381C6 /* Assets.xcassets */ = {isa = PBXFileReference; lastKnownFileType = folder.assetcatalog; path = Assets.xcassets; sourceTree = "<group>"; };
		F52524FB26811715000381C6 /* Base */ = {isa = PBXFileReference; lastKnownFileType = file.storyboard; name = Base; path = Base.lproj/LaunchScreen.storyboard; sourceTree = "<group>"; };
		F52524FD26811715000381C6 /* Info.plist */ = {isa = PBXFileReference; lastKnownFileType = text.plist.xml; path = Info.plist; sourceTree = "<group>"; };
		F525250226811715000381C6 /* MacAppExampleTests.xctest */ = {isa = PBXFileReference; explicitFileType = wrapper.cfbundle; includeInIndex = 0; path = MacAppExampleTests.xctest; sourceTree = BUILT_PRODUCTS_DIR; };
		F525250626811715000381C6 /* MacAppExampleTests.swift */ = {isa = PBXFileReference; lastKnownFileType = sourcecode.swift; path = MacAppExampleTests.swift; sourceTree = "<group>"; };
		F525250826811715000381C6 /* Info.plist */ = {isa = PBXFileReference; lastKnownFileType = text.plist.xml; path = Info.plist; sourceTree = "<group>"; };
		F525250D26811715000381C6 /* MacAppExampleUITests.xctest */ = {isa = PBXFileReference; explicitFileType = wrapper.cfbundle; includeInIndex = 0; path = MacAppExampleUITests.xctest; sourceTree = BUILT_PRODUCTS_DIR; };
		F525251126811715000381C6 /* MacAppExampleUITests.swift */ = {isa = PBXFileReference; lastKnownFileType = sourcecode.swift; path = MacAppExampleUITests.swift; sourceTree = "<group>"; };
		F525251326811715000381C6 /* Info.plist */ = {isa = PBXFileReference; lastKnownFileType = text.plist.xml; path = Info.plist; sourceTree = "<group>"; };
/* End PBXFileReference section */

/* Begin PBXFrameworksBuildPhase section */
		F52524E626811712000381C6 /* Frameworks */ = {
			isa = PBXFrameworksBuildPhase;
			buildActionMask = 2147483647;
			files = (
			);
			runOnlyForDeploymentPostprocessing = 0;
		};
		F52524FF26811715000381C6 /* Frameworks */ = {
			isa = PBXFrameworksBuildPhase;
			buildActionMask = 2147483647;
			files = (
			);
			runOnlyForDeploymentPostprocessing = 0;
		};
		F525250A26811715000381C6 /* Frameworks */ = {
			isa = PBXFrameworksBuildPhase;
			buildActionMask = 2147483647;
			files = (
			);
			runOnlyForDeploymentPostprocessing = 0;
		};
/* End PBXFrameworksBuildPhase section */

/* Begin PBXGroup section */
		F52524E026811712000381C6 = {
			isa = PBXGroup;
			children = (
				F52524EB26811712000381C6 /* MacAppExample */,
				F525250526811715000381C6 /* MacAppExampleTests */,
				F525251026811715000381C6 /* MacAppExampleUITests */,
				F52524EA26811712000381C6 /* Products */,
			);
			sourceTree = "<group>";
		};
		F52524EA26811712000381C6 /* Products */ = {
			isa = PBXGroup;
			children = (
				F52524E926811712000381C6 /* MacAppExample.app */,
				F525250226811715000381C6 /* MacAppExampleTests.xctest */,
				F525250D26811715000381C6 /* MacAppExampleUITests.xctest */,
			);
			name = Products;
			sourceTree = "<group>";
		};
		F52524EB26811712000381C6 /* MacAppExample */ = {
			isa = PBXGroup;
			children = (
				F52524EC26811712000381C6 /* AppDelegate.swift */,
				F52524EE26811712000381C6 /* SceneDelegate.swift */,
				F52524F026811712000381C6 /* ViewController.swift */,
				F52524F226811712000381C6 /* Main.storyboard */,
				F52524F826811715000381C6 /* Assets.xcassets */,
				F52524FA26811715000381C6 /* LaunchScreen.storyboard */,
				F52524FD26811715000381C6 /* Info.plist */,
				F52524F526811712000381C6 /* MacAppExample.xcdatamodeld */,
			);
			path = MacAppExample;
			sourceTree = "<group>";
		};
		F525250526811715000381C6 /* MacAppExampleTests */ = {
			isa = PBXGroup;
			children = (
				F525250626811715000381C6 /* MacAppExampleTests.swift */,
				F525250826811715000381C6 /* Info.plist */,
			);
			path = MacAppExampleTests;
			sourceTree = "<group>";
		};
		F525251026811715000381C6 /* MacAppExampleUITests */ = {
			isa = PBXGroup;
			children = (
				F525251126811715000381C6 /* MacAppExampleUITests.swift */,
				F525251326811715000381C6 /* Info.plist */,
			);
			path = MacAppExampleUITests;
			sourceTree = "<group>";
		};
/* End PBXGroup section */

/* Begin PBXNativeTarget section */
		F52524E826811712000381C6 /* MacAppExample */ = {
			isa = PBXNativeTarget;
			buildConfigurationList = F525251626811715000381C6 /* Build configuration list for PBXNativeTarget "MacAppExample" */;
			buildPhases = (
				F52524E526811712000381C6 /* Sources */,
				F52524E626811712000381C6 /* Frameworks */,
				F52524E726811712000381C6 /* Resources */,
			);
			buildRules = (
			);
			dependencies = (
			);
			name = MacAppExample;
			productName = MacAppExample;
			productReference = F52524E926811712000381C6 /* MacAppExample.app */;
			productType = "com.apple.product-type.application";
		};
		F525250126811715000381C6 /* MacAppExampleTests */ = {
			isa = PBXNativeTarget;
			buildConfigurationList = F525251926811715000381C6 /* Build configuration list for PBXNativeTarget "MacAppExampleTests" */;
			buildPhases = (
				F52524FE26811715000381C6 /* Sources */,
				F52524FF26811715000381C6 /* Frameworks */,
				F525250026811715000381C6 /* Resources */,
			);
			buildRules = (
			);
			dependencies = (
				F525250426811715000381C6 /* PBXTargetDependency */,
			);
			name = MacAppExampleTests;
			productName = MacAppExampleTests;
			productReference = F525250226811715000381C6 /* MacAppExampleTests.xctest */;
			productType = "com.apple.product-type.bundle.unit-test";
		};
		F525250C26811715000381C6 /* MacAppExampleUITests */ = {
			isa = PBXNativeTarget;
			buildConfigurationList = F525251C26811715000381C6 /* Build configuration list for PBXNativeTarget "MacAppExampleUITests" */;
			buildPhases = (
				F525250926811715000381C6 /* Sources */,
				F525250A26811715000381C6 /* Frameworks */,
				F525250B26811715000381C6 /* Resources */,
			);
			buildRules = (
			);
			dependencies = (
				F525250F26811715000381C6 /* PBXTargetDependency */,
			);
			name = MacAppExampleUITests;
			productName = MacAppExampleUITests;
			productReference = F525250D26811715000381C6 /* MacAppExampleUITests.xctest */;
			productType = "com.apple.product-type.bundle.ui-testing";
		};
/* End PBXNativeTarget section */

/* Begin PBXProject section */
		F52524E126811712000381C6 /* Project object */ = {
			isa = PBXProject;
			attributes = {
				LastSwiftUpdateCheck = 1160;
				LastUpgradeCheck = 1160;
				ORGANIZATIONNAME = mathcsSysAdmin;
				TargetAttributes = {
					F52524E826811712000381C6 = {
						CreatedOnToolsVersion = 11.6;
					};
					F525250126811715000381C6 = {
						CreatedOnToolsVersion = 11.6;
						TestTargetID = F52524E826811712000381C6;
					};
					F525250C26811715000381C6 = {
						CreatedOnToolsVersion = 11.6;
						TestTargetID = F52524E826811712000381C6;
					};
				};
			};
			buildConfigurationList = F52524E426811712000381C6 /* Build configuration list for PBXProject "MacAppExample" */;
			compatibilityVersion = "Xcode 9.3";
			developmentRegion = en;
			hasScannedForEncodings = 0;
			knownRegions = (
				en,
				Base,
			);
			mainGroup = F52524E026811712000381C6;
			productRefGroup = F52524EA26811712000381C6 /* Products */;
			projectDirPath = "";
			projectRoot = "";
			targets = (
				F52524E826811712000381C6 /* MacAppExample */,
				F525250126811715000381C6 /* MacAppExampleTests */,
				F525250C26811715000381C6 /* MacAppExampleUITests */,
			);
		};
/* End PBXProject section */

/* Begin PBXResourcesBuildPhase section */
		F52524E726811712000381C6 /* Resources */ = {
			isa = PBXResourcesBuildPhase;
			buildActionMask = 2147483647;
			files = (
				F52524FC26811715000381C6 /* LaunchScreen.storyboard in Resources */,
				F52524F926811715000381C6 /* Assets.xcassets in Resources */,
				F52524F426811712000381C6 /* Main.storyboard in Resources */,
			);
			runOnlyForDeploymentPostprocessing = 0;
		};
		F525250026811715000381C6 /* Resources */ = {
			isa = PBXResourcesBuildPhase;
			buildActionMask = 2147483647;
			files = (
			);
			runOnlyForDeploymentPostprocessing = 0;
		};
		F525250B26811715000381C6 /* Resources */ = {
			isa = PBXResourcesBuildPhase;
			buildActionMask = 2147483647;
			files = (
			);
			runOnlyForDeploymentPostprocessing = 0;
		};
/* End PBXResourcesBuildPhase section */

/* Begin PBXSourcesBuildPhase section */
		F52524E526811712000381C6 /* Sources */ = {
			isa = PBXSourcesBuildPhase;
			buildActionMask = 2147483647;
			files = (
				F52524F726811712000381C6 /* MacAppExample.xcdatamodeld in Sources */,
				F52524F126811712000381C6 /* ViewController.swift in Sources */,
				F52524ED26811712000381C6 /* AppDelegate.swift in Sources */,
				F52524EF26811712000381C6 /* SceneDelegate.swift in Sources */,
			);
			runOnlyForDeploymentPostprocessing = 0;
		};
		F52524FE26811715000381C6 /* Sources */ = {
			isa = PBXSourcesBuildPhase;
			buildActionMask = 2147483647;
			files = (
				F525250726811715000381C6 /* MacAppExampleTests.swift in Sources */,
			);
			runOnlyForDeploymentPostprocessing = 0;
		};
		F525250926811715000381C6 /* Sources */ = {
			isa = PBXSourcesBuildPhase;
			buildActionMask = 2147483647;
			files = (
				F525251226811715000381C6 /* MacAppExampleUITests.swift in Sources */,
			);
			runOnlyForDeploymentPostprocessing = 0;
		};
/* End PBXSourcesBuildPhase section */

/* Begin PBXTargetDependency section */
		F525250426811715000381C6 /* PBXTargetDependency */ = {
			isa = PBXTargetDependency;
			target = F52524E826811712000381C6 /* MacAppExample */;
			targetProxy = F525250326811715000381C6 /* PBXContainerItemProxy */;
		};
		F525250F26811715000381C6 /* PBXTargetDependency */ = {
			isa = PBXTargetDependency;
			target = F52524E826811712000381C6 /* MacAppExample */;
			targetProxy = F525250E26811715000381C6 /* PBXContainerItemProxy */;
		};
/* End PBXTargetDependency section */

/* Begin PBXVariantGroup section */
		F52524F226811712000381C6 /* Main.storyboard */ = {
			isa = PBXVariantGroup;
			children = (
				F52524F326811712000381C6 /* Base */,
			);
			name = Main.storyboard;
			sourceTree = "<group>";
		};
		F52524FA26811715000381C6 /* LaunchScreen.storyboard */ = {
			isa = PBXVariantGroup;
			children = (
				F52524FB26811715000381C6 /* Base */,
			);
			name = LaunchScreen.storyboard;
			sourceTree = "<group>";
		};
/* End PBXVariantGroup section */

/* Begin XCBuildConfiguration section */
		F525251426811715000381C6 /* Debug */ = {
			isa = XCBuildConfiguration;
			buildSettings = {
				ALWAYS_SEARCH_USER_PATHS = NO;
				CLANG_ANALYZER_NONNULL = YES;
				CLANG_ANALYZER_NUMBER_OBJECT_CONVERSION = YES_AGGRESSIVE;
				CLANG_CXX_LANGUAGE_STANDARD = "gnu++14";
				CLANG_CXX_LIBRARY = "libc++";
				CLANG_ENABLE_MODULES = YES;
				CLANG_ENABLE_OBJC_ARC = YES;
				CLANG_ENABLE_OBJC_WEAK = YES;
				CLANG_WARN_BLOCK_CAPTURE_AUTORELEASING = YES;
				CLANG_WARN_BOOL_CONVERSION = YES;
				CLANG_WARN_COMMA = YES;
				CLANG_WARN_CONSTANT_CONVERSION = YES;
				CLANG_WARN_DEPRECATED_OBJC_IMPLEMENTATIONS = YES;
				CLANG_WARN_DIRECT_OBJC_ISA_USAGE = YES_ERROR;
				CLANG_WARN_DOCUMENTATION_COMMENTS = YES;
				CLANG_WARN_EMPTY_BODY = YES;
				CLANG_WARN_ENUM_CONVERSION = YES;
				CLANG_WARN_INFINITE_RECURSION = YES;
				CLANG_WARN_INT_CONVERSION = YES;
				CLANG_WARN_NON_LITERAL_NULL_CONVERSION = YES;
				CLANG_WARN_OBJC_IMPLICIT_RETAIN_SELF = YES;
				CLANG_WARN_OBJC_LITERAL_CONVERSION = YES;
				CLANG_WARN_OBJC_ROOT_CLASS = YES_ERROR;
				CLANG_WARN_RANGE_LOOP_ANALYSIS = YES;
				CLANG_WARN_STRICT_PROTOTYPES = YES;
				CLANG_WARN_SUSPICIOUS_MOVE = YES;
				CLANG_WARN_UNGUARDED_AVAILABILITY = YES_AGGRESSIVE;
				CLANG_WARN_UNREACHABLE_CODE = YES;
				CLANG_WARN__DUPLICATE_METHOD_MATCH = YES;
				COPY_PHASE_STRIP = NO;
				DEBUG_INFORMATION_FORMAT = dwarf;
				ENABLE_STRICT_OBJC_MSGSEND = YES;
				ENABLE_TESTABILITY = YES;
				GCC_C_LANGUAGE_STANDARD = gnu11;
				GCC_DYNAMIC_NO_PIC = NO;
				GCC_NO_COMMON_BLOCKS = YES;
				GCC_OPTIMIZATION_LEVEL = 0;
				GCC_PREPROCESSOR_DEFINITIONS = (
					"DEBUG=1",
					"$(inherited)",
				);
				GCC_WARN_64_TO_32_BIT_CONVERSION = YES;
				GCC_WARN_ABOUT_RETURN_TYPE = YES_ERROR;
				GCC_WARN_UNDECLARED_SELECTOR = YES;
				GCC_WARN_UNINITIALIZED_AUTOS = YES_AGGRESSIVE;
				GCC_WARN_UNUSED_FUNCTION = YES;
				GCC_WARN_UNUSED_VARIABLE = YES;
				IPHONEOS_DEPLOYMENT_TARGET = 13.6;
				MTL_ENABLE_DEBUG_INFO = INCLUDE_SOURCE;
				MTL_FAST_MATH = YES;
				ONLY_ACTIVE_ARCH = YES;
				SDKROOT = iphoneos;
				SWIFT_ACTIVE_COMPILATION_CONDITIONS = DEBUG;
				SWIFT_OPTIMIZATION_LEVEL = "-Onone";
			};
			name = Debug;
		};
		F525251526811715000381C6 /* Release */ = {
			isa = XCBuildConfiguration;
			buildSettings = {
				ALWAYS_SEARCH_USER_PATHS = NO;
				CLANG_ANALYZER_NONNULL = YES;
				CLANG_ANALYZER_NUMBER_OBJECT_CONVERSION = YES_AGGRESSIVE;
				CLANG_CXX_LANGUAGE_STANDARD = "gnu++14";
				CLANG_CXX_LIBRARY = "libc++";
				CLANG_ENABLE_MODULES = YES;
				CLANG_ENABLE_OBJC_ARC = YES;
				CLANG_ENABLE_OBJC_WEAK = YES;
				CLANG_WARN_BLOCK_CAPTURE_AUTORELEASING = YES;
				CLANG_WARN_BOOL_CONVERSION = YES;
				CLANG_WARN_COMMA = YES;
				CLANG_WARN_CONSTANT_CONVERSION = YES;
				CLANG_WARN_DEPRECATED_OBJC_IMPLEMENTATIONS = YES;
				CLANG_WARN_DIRECT_OBJC_ISA_USAGE = YES_ERROR;
				CLANG_WARN_DOCUMENTATION_COMMENTS = YES;
				CLANG_WARN_EMPTY_BODY = YES;
				CLANG_WARN_ENUM_CONVERSION = YES;
				CLANG_WARN_INFINITE_RECURSION = YES;
				CLANG_WARN_INT_CONVERSION = YES;
				CLANG_WARN_NON_LITERAL_NULL_CONVERSION = YES;
				CLANG_WARN_OBJC_IMPLICIT_RETAIN_SELF = YES;
				CLANG_WARN_OBJC_LITERAL_CONVERSION = YES;
				CLANG_WARN_OBJC_ROOT_CLASS = YES_ERROR;
				CLANG_WARN_RANGE_LOOP_ANALYSIS = YES;
				CLANG_WARN_STRICT_PROTOTYPES = YES;
				CLANG_WARN_SUSPICIOUS_MOVE = YES;
				CLANG_WARN_UNGUARDED_AVAILABILITY = YES_AGGRESSIVE;
				CLANG_WARN_UNREACHABLE_CODE = YES;
				CLANG_WARN__DUPLICATE_METHOD_MATCH = YES;
				COPY_PHASE_STRIP = NO;
				DEBUG_INFORMATION_FORMAT = "dwarf-with-dsym";
				ENABLE_NS_ASSERTIONS = NO;
				ENABLE_STRICT_OBJC_MSGSEND = YES;
				GCC_C_LANGUAGE_STANDARD = gnu11;
				GCC_NO_COMMON_BLOCKS = YES;
				GCC_WARN_64_TO_32_BIT_CONVERSION = YES;
				GCC_WARN_ABOUT_RETURN_TYPE = YES_ERROR;
				GCC_WARN_UNDECLARED_SELECTOR = YES;
				GCC_WARN_UNINITIALIZED_AUTOS = YES_AGGRESSIVE;
				GCC_WARN_UNUSED_FUNCTION = YES;
				GCC_WARN_UNUSED_VARIABLE = YES;
				IPHONEOS_DEPLOYMENT_TARGET = 13.6;
				MTL_ENABLE_DEBUG_INFO = NO;
				MTL_FAST_MATH = YES;
				SDKROOT = iphoneos;
				SWIFT_COMPILATION_MODE = wholemodule;
				SWIFT_OPTIMIZATION_LEVEL = "-O";
				VALIDATE_PRODUCT = YES;
			};
			name = Release;
		};
		F525251726811715000381C6 /* Debug */ = {
			isa = XCBuildConfiguration;
			buildSettings = {
				ASSETCATALOG_COMPILER_APPICON_NAME = AppIcon;
				CODE_SIGN_STYLE = Automatic;
				INFOPLIST_FILE = MacAppExample/Info.plist;
				LD_RUNPATH_SEARCH_PATHS = (
					"$(inherited)",
					"@executable_path/Frameworks",
				);
				PRODUCT_BUNDLE_IDENTIFIER = com.mathcsSysAdmin.MacAppExample;
				PRODUCT_NAME = "$(TARGET_NAME)";
				SWIFT_VERSION = 5.0;
				TARGETED_DEVICE_FAMILY = "1,2";
			};
			name = Debug;
		};
		F525251826811715000381C6 /* Release */ = {
			isa = XCBuildConfiguration;
			buildSettings = {
				ASSETCATALOG_COMPILER_APPICON_NAME = AppIcon;
				CODE_SIGN_STYLE = Automatic;
				INFOPLIST_FILE = MacAppExample/Info.plist;
				LD_RUNPATH_SEARCH_PATHS = (
					"$(inherited)",
					"@executable_path/Frameworks",
				);
				PRODUCT_BUNDLE_IDENTIFIER = com.mathcsSysAdmin.MacAppExample;
				PRODUCT_NAME = "$(TARGET_NAME)";
				SWIFT_VERSION = 5.0;
				TARGETED_DEVICE_FAMILY = "1,2";
			};
			name = Release;
		};
		F525251A26811715000381C6 /* Debug */ = {
			isa = XCBuildConfiguration;
			buildSettings = {
				ALWAYS_EMBED_SWIFT_STANDARD_LIBRARIES = YES;
				BUNDLE_LOADER = "$(TEST_HOST)";
				CODE_SIGN_STYLE = Automatic;
				INFOPLIST_FILE = MacAppExampleTests/Info.plist;
				IPHONEOS_DEPLOYMENT_TARGET = 13.6;
				LD_RUNPATH_SEARCH_PATHS = (
					"$(inherited)",
					"@executable_path/Frameworks",
					"@loader_path/Frameworks",
				);
				PRODUCT_BUNDLE_IDENTIFIER = com.mathcsSysAdmin.MacAppExampleTests;
				PRODUCT_NAME = "$(TARGET_NAME)";
				SWIFT_VERSION = 5.0;
				TARGETED_DEVICE_FAMILY = "1,2";
				TEST_HOST = "$(BUILT_PRODUCTS_DIR)/MacAppExample.app/MacAppExample";
			};
			name = Debug;
		};
		F525251B26811715000381C6 /* Release */ = {
			isa = XCBuildConfiguration;
			buildSettings = {
				ALWAYS_EMBED_SWIFT_STANDARD_LIBRARIES = YES;
				BUNDLE_LOADER = "$(TEST_HOST)";
				CODE_SIGN_STYLE = Automatic;
				INFOPLIST_FILE = MacAppExampleTests/Info.plist;
				IPHONEOS_DEPLOYMENT_TARGET = 13.6;
				LD_RUNPATH_SEARCH_PATHS = (
					"$(inherited)",
					"@executable_path/Frameworks",
					"@loader_path/Frameworks",
				);
				PRODUCT_BUNDLE_IDENTIFIER = com.mathcsSysAdmin.MacAppExampleTests;
				PRODUCT_NAME = "$(TARGET_NAME)";
				SWIFT_VERSION = 5.0;
				TARGETED_DEVICE_FAMILY = "1,2";
				TEST_HOST = "$(BUILT_PRODUCTS_DIR)/MacAppExample.app/MacAppExample";
			};
			name = Release;
		};
		F525251D26811715000381C6 /* Debug */ = {
			isa = XCBuildConfiguration;
			buildSettings = {
				ALWAYS_EMBED_SWIFT_STANDARD_LIBRARIES = YES;
				CODE_SIGN_STYLE = Automatic;
				INFOPLIST_FILE = MacAppExampleUITests/Info.plist;
				LD_RUNPATH_SEARCH_PATHS = (
					"$(inherited)",
					"@executable_path/Frameworks",
					"@loader_path/Frameworks",
				);
				PRODUCT_BUNDLE_IDENTIFIER = com.mathcsSysAdmin.MacAppExampleUITests;
				PRODUCT_NAME = "$(TARGET_NAME)";
				SWIFT_VERSION = 5.0;
				TARGETED_DEVICE_FAMILY = "1,2";
				TEST_TARGET_NAME = MacAppExample;
			};
			name = Debug;
		};
		F525251E26811715000381C6 /* Release */ = {
			isa = XCBuildConfiguration;
			buildSettings = {
				ALWAYS_EMBED_SWIFT_STANDARD_LIBRARIES = YES;
				CODE_SIGN_STYLE = Automatic;
				INFOPLIST_FILE = MacAppExampleUITests/Info.plist;
				LD_RUNPATH_SEARCH_PATHS = (
					"$(inherited)",
					"@executable_path/Frameworks",
					"@loader_path/Frameworks",
				);
				PRODUCT_BUNDLE_IDENTIFIER = com.mathcsSysAdmin.MacAppExampleUITests;
				PRODUCT_NAME = "$(TARGET_NAME)";
				SWIFT_VERSION = 5.0;
				TARGETED_DEVICE_FAMILY = "1,2";
				TEST_TARGET_NAME = MacAppExample;
			};
			name = Release;
		};
/* End XCBuildConfiguration section */

/* Begin XCConfigurationList section */
		F52524E426811712000381C6 /* Build configuration list for PBXProject "MacAppExample" */ = {
			isa = XCConfigurationList;
			buildConfigurations = (
				F525251426811715000381C6 /* Debug */,
				F525251526811715000381C6 /* Release */,
			);
			defaultConfigurationIsVisible = 0;
			defaultConfigurationName = Release;
		};
		F525251626811715000381C6 /* Build configuration list for PBXNativeTarget "MacAppExample" */ = {
			isa = XCConfigurationList;
			buildConfigurations = (
				F525251726811715000381C6 /* Debug */,
				F525251826811715000381C6 /* Release */,
			);
			defaultConfigurationIsVisible = 0;
			defaultConfigurationName = Release;
		};
		F525251926811715000381C6 /* Build configuration list for PBXNativeTarget "MacAppExampleTests" */ = {
			isa = XCConfigurationList;
			buildConfigurations = (
				F525251A26811715000381C6 /* Debug */,
				F525251B26811715000381C6 /* Release */,
			);
			defaultConfigurationIsVisible = 0;
			defaultConfigurationName = Release;
		};
		F525251C26811715000381C6 /* Build configuration list for PBXNativeTarget "MacAppExampleUITests" */ = {
			isa = XCConfigurationList;
			buildConfigurations = (
				F525251D26811715000381C6 /* Debug */,
				F525251E26811715000381C6 /* Release */,
			);
			defaultConfigurationIsVisible = 0;
			defaultConfigurationName = Release;
		};
/* End XCConfigurationList section */

/* Begin XCVersionGroup section */
		F52524F526811712000381C6 /* MacAppExample.xcdatamodeld */ = {
			isa = XCVersionGroup;
			children = (
				F52524F626811712000381C6 /* MacAppExample.xcdatamodel */,
			);
			currentVersion = F52524F626811712000381C6 /* MacAppExample.xcdatamodel */;
			path = MacAppExample.xcdatamodeld;
			sourceTree = "<group>";
			versionGroupType = wrapper.xcdatamodel;
		};
/* End XCVersionGroup section */
	};
	rootObject = F52524E126811712000381C6 /* Project object */;
}
